// !$*UTF8*$!
{
	archiveVersion = 1;
	classes = {
	};
	objectVersion = 77;
	objects = {

/* Begin PBXBuildFile section */
		128A52122EBF0A6600A6DFC6 /* Auth in Frameworks */ = {isa = PBXBuildFile; productRef = 128A52112EBF0A6600A6DFC6 /* Auth */; };
		128A52142EBF0A6600A6DFC6 /* Functions in Frameworks */ = {isa = PBXBuildFile; productRef = 128A52132EBF0A6600A6DFC6 /* Functions */; };
		128A52162EBF0A6600A6DFC6 /* PostgREST in Frameworks */ = {isa = PBXBuildFile; productRef = 128A52152EBF0A6600A6DFC6 /* PostgREST */; };
		128A52182EBF0A6600A6DFC6 /* Realtime in Frameworks */ = {isa = PBXBuildFile; productRef = 128A52172EBF0A6600A6DFC6 /* Realtime */; };
		128A521A2EBF0A6600A6DFC6 /* Storage in Frameworks */ = {isa = PBXBuildFile; productRef = 128A52192EBF0A6600A6DFC6 /* Storage */; };
		128A521C2EBF0A6600A6DFC6 /* Supabase in Frameworks */ = {isa = PBXBuildFile; productRef = 128A521B2EBF0A6600A6DFC6 /* Supabase */; };
/* End PBXBuildFile section */

/* Begin PBXContainerItemProxy section */
		128A518F2EBEF3C500A6DFC6 /* PBXContainerItemProxy */ = {
			isa = PBXContainerItemProxy;
			containerPortal = 128A51742EBEF3C400A6DFC6 /* Project object */;
			proxyType = 1;
			remoteGlobalIDString = 128A517B2EBEF3C400A6DFC6;
			remoteInfo = sunwize;
		};
		128A51992EBEF3C500A6DFC6 /* PBXContainerItemProxy */ = {
			isa = PBXContainerItemProxy;
			containerPortal = 128A51742EBEF3C400A6DFC6 /* Project object */;
			proxyType = 1;
			remoteGlobalIDString = 128A517B2EBEF3C400A6DFC6;
			remoteInfo = sunwize;
		};
/* End PBXContainerItemProxy section */

/* Begin PBXFileReference section */
		128A517C2EBEF3C400A6DFC6 /* sunwize.app */ = {isa = PBXFileReference; explicitFileType = wrapper.application; includeInIndex = 0; path = sunwize.app; sourceTree = BUILT_PRODUCTS_DIR; };
		128A518E2EBEF3C500A6DFC6 /* sunwizeTests.xctest */ = {isa = PBXFileReference; explicitFileType = wrapper.cfbundle; includeInIndex = 0; path = sunwizeTests.xctest; sourceTree = BUILT_PRODUCTS_DIR; };
		128A51982EBEF3C500A6DFC6 /* sunwizeUITests.xctest */ = {isa = PBXFileReference; explicitFileType = wrapper.cfbundle; includeInIndex = 0; path = sunwizeUITests.xctest; sourceTree = BUILT_PRODUCTS_DIR; };
		128A52962EBF0F0000A6DFC6 /* FinalBaseMesh.glb */ = {isa = PBXFileReference; lastKnownFileType = file; name = FinalBaseMesh.glb; path = sunwize/FinalBaseMesh.glb; sourceTree = "<group>"; };
/* End PBXFileReference section */

/* Begin PBXFileSystemSynchronizedBuildFileExceptionSet section */
		128A52942EBF0B6700A6DFC6 /* Exceptions for "sunwize" folder in "sunwize" target */ = {
			isa = PBXFileSystemSynchronizedBuildFileExceptionSet;
			membershipExceptions = (
				Info.plist,
			);
			target = 128A517B2EBEF3C400A6DFC6 /* sunwize */;
		};
/* End PBXFileSystemSynchronizedBuildFileExceptionSet section */

/* Begin PBXFileSystemSynchronizedRootGroup section */
		128A517E2EBEF3C400A6DFC6 /* sunwize */ = {
			isa = PBXFileSystemSynchronizedRootGroup;
			exceptions = (
				128A52942EBF0B6700A6DFC6 /* Exceptions for "sunwize" folder in "sunwize" target */,
			);
			path = sunwize;
			sourceTree = "<group>";
		};
		128A51912EBEF3C500A6DFC6 /* sunwizeTests */ = {
			isa = PBXFileSystemSynchronizedRootGroup;
			path = sunwizeTests;
			sourceTree = "<group>";
		};
		128A519B2EBEF3C500A6DFC6 /* sunwizeUITests */ = {
			isa = PBXFileSystemSynchronizedRootGroup;
			path = sunwizeUITests;
			sourceTree = "<group>";
		};
/* End PBXFileSystemSynchronizedRootGroup section */

/* Begin PBXFrameworksBuildPhase section */
		128A51792EBEF3C400A6DFC6 /* Frameworks */ = {
			isa = PBXFrameworksBuildPhase;
			buildActionMask = 2147483647;
			files = (
				128A52162EBF0A6600A6DFC6 /* PostgREST in Frameworks */,
				128A52142EBF0A6600A6DFC6 /* Functions in Frameworks */,
				128A521C2EBF0A6600A6DFC6 /* Supabase in Frameworks */,
				128A52122EBF0A6600A6DFC6 /* Auth in Frameworks */,
				128A521A2EBF0A6600A6DFC6 /* Storage in Frameworks */,
				128A52182EBF0A6600A6DFC6 /* Realtime in Frameworks */,
			);
			runOnlyForDeploymentPostprocessing = 0;
		};
		128A518B2EBEF3C500A6DFC6 /* Frameworks */ = {
			isa = PBXFrameworksBuildPhase;
			buildActionMask = 2147483647;
			files = (
			);
			runOnlyForDeploymentPostprocessing = 0;
		};
		128A51952EBEF3C500A6DFC6 /* Frameworks */ = {
			isa = PBXFrameworksBuildPhase;
			buildActionMask = 2147483647;
			files = (
			);
			runOnlyForDeploymentPostprocessing = 0;
		};
/* End PBXFrameworksBuildPhase section */

/* Begin PBXGroup section */
		128A51732EBEF3C400A6DFC6 = {
			isa = PBXGroup;
			children = (
				128A517E2EBEF3C400A6DFC6 /* sunwize */,
				128A51912EBEF3C500A6DFC6 /* sunwizeTests */,
				128A519B2EBEF3C500A6DFC6 /* sunwizeUITests */,
				128A517D2EBEF3C400A6DFC6 /* Products */,
				12997BC72EC0605C00749225 /* Recovered References */,
			);
			sourceTree = "<group>";
		};
		128A517D2EBEF3C400A6DFC6 /* Products */ = {
			isa = PBXGroup;
			children = (
				128A517C2EBEF3C400A6DFC6 /* sunwize.app */,
				128A518E2EBEF3C500A6DFC6 /* sunwizeTests.xctest */,
				128A51982EBEF3C500A6DFC6 /* sunwizeUITests.xctest */,
			);
			name = Products;
			sourceTree = "<group>";
		};
		12997BC72EC0605C00749225 /* Recovered References */ = {
			isa = PBXGroup;
			children = (
				128A52962EBF0F0000A6DFC6 /* FinalBaseMesh.glb */,
			);
			name = "Recovered References";
			sourceTree = "<group>";
		};
/* End PBXGroup section */

/* Begin PBXNativeTarget section */
		128A517B2EBEF3C400A6DFC6 /* sunwize */ = {
			isa = PBXNativeTarget;
			buildConfigurationList = 128A51A22EBEF3C500A6DFC6 /* Build configuration list for PBXNativeTarget "sunwize" */;
			buildPhases = (
				128A51782EBEF3C400A6DFC6 /* Sources */,
				128A51792EBEF3C400A6DFC6 /* Frameworks */,
				128A517A2EBEF3C400A6DFC6 /* Resources */,
			);
			buildRules = (
			);
			dependencies = (
			);
			fileSystemSynchronizedGroups = (
				128A517E2EBEF3C400A6DFC6 /* sunwize */,
			);
			name = sunwize;
			packageProductDependencies = (
				128A52112EBF0A6600A6DFC6 /* Auth */,
				128A52132EBF0A6600A6DFC6 /* Functions */,
				128A52152EBF0A6600A6DFC6 /* PostgREST */,
				128A52172EBF0A6600A6DFC6 /* Realtime */,
				128A52192EBF0A6600A6DFC6 /* Storage */,
				128A521B2EBF0A6600A6DFC6 /* Supabase */,
			);
			productName = sunwize;
			productReference = 128A517C2EBEF3C400A6DFC6 /* sunwize.app */;
			productType = "com.apple.product-type.application";
		};
		128A518D2EBEF3C500A6DFC6 /* sunwizeTests */ = {
			isa = PBXNativeTarget;
			buildConfigurationList = 128A51A52EBEF3C500A6DFC6 /* Build configuration list for PBXNativeTarget "sunwizeTests" */;
			buildPhases = (
				128A518A2EBEF3C500A6DFC6 /* Sources */,
				128A518B2EBEF3C500A6DFC6 /* Frameworks */,
				128A518C2EBEF3C500A6DFC6 /* Resources */,
			);
			buildRules = (
			);
			dependencies = (
				128A51902EBEF3C500A6DFC6 /* PBXTargetDependency */,
			);
			fileSystemSynchronizedGroups = (
				128A51912EBEF3C500A6DFC6 /* sunwizeTests */,
			);
			name = sunwizeTests;
			packageProductDependencies = (
			);
			productName = sunwizeTests;
			productReference = 128A518E2EBEF3C500A6DFC6 /* sunwizeTests.xctest */;
			productType = "com.apple.product-type.bundle.unit-test";
		};
		128A51972EBEF3C500A6DFC6 /* sunwizeUITests */ = {
			isa = PBXNativeTarget;
			buildConfigurationList = 128A51A82EBEF3C500A6DFC6 /* Build configuration list for PBXNativeTarget "sunwizeUITests" */;
			buildPhases = (
				128A51942EBEF3C500A6DFC6 /* Sources */,
				128A51952EBEF3C500A6DFC6 /* Frameworks */,
				128A51962EBEF3C500A6DFC6 /* Resources */,
			);
			buildRules = (
			);
			dependencies = (
				128A519A2EBEF3C500A6DFC6 /* PBXTargetDependency */,
			);
			fileSystemSynchronizedGroups = (
				128A519B2EBEF3C500A6DFC6 /* sunwizeUITests */,
			);
			name = sunwizeUITests;
			packageProductDependencies = (
			);
			productName = sunwizeUITests;
			productReference = 128A51982EBEF3C500A6DFC6 /* sunwizeUITests.xctest */;
			productType = "com.apple.product-type.bundle.ui-testing";
		};
/* End PBXNativeTarget section */

/* Begin PBXProject section */
		128A51742EBEF3C400A6DFC6 /* Project object */ = {
			isa = PBXProject;
			attributes = {
				BuildIndependentTargetsInParallel = 1;
				LastSwiftUpdateCheck = 1640;
				LastUpgradeCheck = 1640;
				TargetAttributes = {
					128A517B2EBEF3C400A6DFC6 = {
						CreatedOnToolsVersion = 16.4;
					};
					128A518D2EBEF3C500A6DFC6 = {
						CreatedOnToolsVersion = 16.4;
						TestTargetID = 128A517B2EBEF3C400A6DFC6;
					};
					128A51972EBEF3C500A6DFC6 = {
						CreatedOnToolsVersion = 16.4;
						TestTargetID = 128A517B2EBEF3C400A6DFC6;
					};
				};
			};
			buildConfigurationList = 128A51772EBEF3C400A6DFC6 /* Build configuration list for PBXProject "sunwize" */;
			developmentRegion = en;
			hasScannedForEncodings = 0;
			knownRegions = (
				en,
				Base,
			);
			mainGroup = 128A51732EBEF3C400A6DFC6;
			minimizedProjectReferenceProxies = 1;
			packageReferences = (
				128A52102EBF0A6600A6DFC6 /* XCRemoteSwiftPackageReference "supabase-swift" */,
			);
			preferredProjectObjectVersion = 77;
			productRefGroup = 128A517D2EBEF3C400A6DFC6 /* Products */;
			projectDirPath = "";
			projectRoot = "";
			targets = (
				128A517B2EBEF3C400A6DFC6 /* sunwize */,
				128A518D2EBEF3C500A6DFC6 /* sunwizeTests */,
				128A51972EBEF3C500A6DFC6 /* sunwizeUITests */,
			);
		};
/* End PBXProject section */

/* Begin PBXResourcesBuildPhase section */
		128A517A2EBEF3C400A6DFC6 /* Resources */ = {
			isa = PBXResourcesBuildPhase;
			buildActionMask = 2147483647;
			files = (
			);
			runOnlyForDeploymentPostprocessing = 0;
		};
		128A518C2EBEF3C500A6DFC6 /* Resources */ = {
			isa = PBXResourcesBuildPhase;
			buildActionMask = 2147483647;
			files = (
			);
			runOnlyForDeploymentPostprocessing = 0;
		};
		128A51962EBEF3C500A6DFC6 /* Resources */ = {
			isa = PBXResourcesBuildPhase;
			buildActionMask = 2147483647;
			files = (
			);
			runOnlyForDeploymentPostprocessing = 0;
		};
/* End PBXResourcesBuildPhase section */

/* Begin PBXSourcesBuildPhase section */
		128A51782EBEF3C400A6DFC6 /* Sources */ = {
			isa = PBXSourcesBuildPhase;
			buildActionMask = 2147483647;
			files = (
			);
			runOnlyForDeploymentPostprocessing = 0;
		};
		128A518A2EBEF3C500A6DFC6 /* Sources */ = {
			isa = PBXSourcesBuildPhase;
			buildActionMask = 2147483647;
			files = (
			);
			runOnlyForDeploymentPostprocessing = 0;
		};
		128A51942EBEF3C500A6DFC6 /* Sources */ = {
			isa = PBXSourcesBuildPhase;
			buildActionMask = 2147483647;
			files = (
			);
			runOnlyForDeploymentPostprocessing = 0;
		};
/* End PBXSourcesBuildPhase section */

/* Begin PBXTargetDependency section */
		128A51902EBEF3C500A6DFC6 /* PBXTargetDependency */ = {
			isa = PBXTargetDependency;
			target = 128A517B2EBEF3C400A6DFC6 /* sunwize */;
			targetProxy = 128A518F2EBEF3C500A6DFC6 /* PBXContainerItemProxy */;
		};
		128A519A2EBEF3C500A6DFC6 /* PBXTargetDependency */ = {
			isa = PBXTargetDependency;
			target = 128A517B2EBEF3C400A6DFC6 /* sunwize */;
			targetProxy = 128A51992EBEF3C500A6DFC6 /* PBXContainerItemProxy */;
		};
/* End PBXTargetDependency section */

/* Begin XCBuildConfiguration section */
		128A51A02EBEF3C500A6DFC6 /* Debug */ = {
			isa = XCBuildConfiguration;
			buildSettings = {
				ALWAYS_SEARCH_USER_PATHS = NO;
				ASSETCATALOG_COMPILER_GENERATE_SWIFT_ASSET_SYMBOL_EXTENSIONS = YES;
				CLANG_ANALYZER_NONNULL = YES;
				CLANG_ANALYZER_NUMBER_OBJECT_CONVERSION = YES_AGGRESSIVE;
				CLANG_CXX_LANGUAGE_STANDARD = "gnu++20";
				CLANG_ENABLE_MODULES = YES;
				CLANG_ENABLE_OBJC_ARC = YES;
				CLANG_ENABLE_OBJC_WEAK = YES;
				CLANG_WARN_BLOCK_CAPTURE_AUTORELEASING = YES;
				CLANG_WARN_BOOL_CONVERSION = YES;
				CLANG_WARN_COMMA = YES;
				CLANG_WARN_CONSTANT_CONVERSION = YES;
				CLANG_WARN_DEPRECATED_OBJC_IMPLEMENTATIONS = YES;
				CLANG_WARN_DIRECT_OBJC_ISA_USAGE = YES_ERROR;
				CLANG_WARN_DOCUMENTATION_COMMENTS = YES;
				CLANG_WARN_EMPTY_BODY = YES;
				CLANG_WARN_ENUM_CONVERSION = YES;
				CLANG_WARN_INFINITE_RECURSION = YES;
				CLANG_WARN_INT_CONVERSION = YES;
				CLANG_WARN_NON_LITERAL_NULL_CONVERSION = YES;
				CLANG_WARN_OBJC_IMPLICIT_RETAIN_SELF = YES;
				CLANG_WARN_OBJC_LITERAL_CONVERSION = YES;
				CLANG_WARN_OBJC_ROOT_CLASS = YES_ERROR;
				CLANG_WARN_QUOTED_INCLUDE_IN_FRAMEWORK_HEADER = YES;
				CLANG_WARN_RANGE_LOOP_ANALYSIS = YES;
				CLANG_WARN_STRICT_PROTOTYPES = YES;
				CLANG_WARN_SUSPICIOUS_MOVE = YES;
				CLANG_WARN_UNGUARDED_AVAILABILITY = YES_AGGRESSIVE;
				CLANG_WARN_UNREACHABLE_CODE = YES;
				CLANG_WARN__DUPLICATE_METHOD_MATCH = YES;
				COPY_PHASE_STRIP = NO;
				DEBUG_INFORMATION_FORMAT = dwarf;
				DEVELOPMENT_TEAM = PG3M949T5R;
				ENABLE_STRICT_OBJC_MSGSEND = YES;
				ENABLE_TESTABILITY = YES;
				ENABLE_USER_SCRIPT_SANDBOXING = YES;
				GCC_C_LANGUAGE_STANDARD = gnu17;
				GCC_DYNAMIC_NO_PIC = NO;
				GCC_NO_COMMON_BLOCKS = YES;
				GCC_OPTIMIZATION_LEVEL = 0;
				GCC_PREPROCESSOR_DEFINITIONS = (
					"DEBUG=1",
					"$(inherited)",
				);
				GCC_WARN_64_TO_32_BIT_CONVERSION = YES;
				GCC_WARN_ABOUT_RETURN_TYPE = YES_ERROR;
				GCC_WARN_UNDECLARED_SELECTOR = YES;
				GCC_WARN_UNINITIALIZED_AUTOS = YES_AGGRESSIVE;
				GCC_WARN_UNUSED_FUNCTION = YES;
				GCC_WARN_UNUSED_VARIABLE = YES;
				IPHONEOS_DEPLOYMENT_TARGET = 18.5;
				LOCALIZATION_PREFERS_STRING_CATALOGS = YES;
				MTL_ENABLE_DEBUG_INFO = INCLUDE_SOURCE;
				MTL_FAST_MATH = YES;
				ONLY_ACTIVE_ARCH = YES;
				SDKROOT = iphoneos;
				SWIFT_ACTIVE_COMPILATION_CONDITIONS = "DEBUG $(inherited)";
				SWIFT_OPTIMIZATION_LEVEL = "-Onone";
			};
			name = Debug;
		};
		128A51A12EBEF3C500A6DFC6 /* Release */ = {
			isa = XCBuildConfiguration;
			buildSettings = {
				ALWAYS_SEARCH_USER_PATHS = NO;
				ASSETCATALOG_COMPILER_GENERATE_SWIFT_ASSET_SYMBOL_EXTENSIONS = YES;
				CLANG_ANALYZER_NONNULL = YES;
				CLANG_ANALYZER_NUMBER_OBJECT_CONVERSION = YES_AGGRESSIVE;
				CLANG_CXX_LANGUAGE_STANDARD = "gnu++20";
				CLANG_ENABLE_MODULES = YES;
				CLANG_ENABLE_OBJC_ARC = YES;
				CLANG_ENABLE_OBJC_WEAK = YES;
				CLANG_WARN_BLOCK_CAPTURE_AUTORELEASING = YES;
				CLANG_WARN_BOOL_CONVERSION = YES;
				CLANG_WARN_COMMA = YES;
				CLANG_WARN_CONSTANT_CONVERSION = YES;
				CLANG_WARN_DEPRECATED_OBJC_IMPLEMENTATIONS = YES;
				CLANG_WARN_DIRECT_OBJC_ISA_USAGE = YES_ERROR;
				CLANG_WARN_DOCUMENTATION_COMMENTS = YES;
				CLANG_WARN_EMPTY_BODY = YES;
				CLANG_WARN_ENUM_CONVERSION = YES;
				CLANG_WARN_INFINITE_RECURSION = YES;
				CLANG_WARN_INT_CONVERSION = YES;
				CLANG_WARN_NON_LITERAL_NULL_CONVERSION = YES;
				CLANG_WARN_OBJC_IMPLICIT_RETAIN_SELF = YES;
				CLANG_WARN_OBJC_LITERAL_CONVERSION = YES;
				CLANG_WARN_OBJC_ROOT_CLASS = YES_ERROR;
				CLANG_WARN_QUOTED_INCLUDE_IN_FRAMEWORK_HEADER = YES;
				CLANG_WARN_RANGE_LOOP_ANALYSIS = YES;
				CLANG_WARN_STRICT_PROTOTYPES = YES;
				CLANG_WARN_SUSPICIOUS_MOVE = YES;
				CLANG_WARN_UNGUARDED_AVAILABILITY = YES_AGGRESSIVE;
				CLANG_WARN_UNREACHABLE_CODE = YES;
				CLANG_WARN__DUPLICATE_METHOD_MATCH = YES;
				COPY_PHASE_STRIP = NO;
				DEBUG_INFORMATION_FORMAT = "dwarf-with-dsym";
				DEVELOPMENT_TEAM = PG3M949T5R;
				ENABLE_NS_ASSERTIONS = NO;
				ENABLE_STRICT_OBJC_MSGSEND = YES;
				ENABLE_USER_SCRIPT_SANDBOXING = YES;
				GCC_C_LANGUAGE_STANDARD = gnu17;
				GCC_NO_COMMON_BLOCKS = YES;
				GCC_WARN_64_TO_32_BIT_CONVERSION = YES;
				GCC_WARN_ABOUT_RETURN_TYPE = YES_ERROR;
				GCC_WARN_UNDECLARED_SELECTOR = YES;
				GCC_WARN_UNINITIALIZED_AUTOS = YES_AGGRESSIVE;
				GCC_WARN_UNUSED_FUNCTION = YES;
				GCC_WARN_UNUSED_VARIABLE = YES;
				IPHONEOS_DEPLOYMENT_TARGET = 18.5;
				LOCALIZATION_PREFERS_STRING_CATALOGS = YES;
				MTL_ENABLE_DEBUG_INFO = NO;
				MTL_FAST_MATH = YES;
				SDKROOT = iphoneos;
				SWIFT_COMPILATION_MODE = wholemodule;
				VALIDATE_PRODUCT = YES;
			};
			name = Release;
		};
		128A51A32EBEF3C500A6DFC6 /* Debug */ = {
			isa = XCBuildConfiguration;
			buildSettings = {
				ASSETCATALOG_COMPILER_APPICON_NAME = AppIcon;
				ASSETCATALOG_COMPILER_GLOBAL_ACCENT_COLOR_NAME = AccentColor;
				CODE_SIGN_ENTITLEMENTS = sunwize/sunwize.entitlements;
				CODE_SIGN_STYLE = Automatic;
				CURRENT_PROJECT_VERSION = 1;
				DEVELOPMENT_TEAM = PG3M949T5R;
				ENABLE_PREVIEWS = YES;
				GENERATE_INFOPLIST_FILE = YES;
				INFOPLIST_FILE = sunwize/Info.plist;
				INFOPLIST_KEY_NSLocationAlwaysAndWhenInUseUsageDescription = "";
				INFOPLIST_KEY_NSLocationWhenInUseUsageDescription = "";
				INFOPLIST_KEY_UIApplicationSceneManifest_Generation = YES;
				INFOPLIST_KEY_UIApplicationSupportsIndirectInputEvents = YES;
				INFOPLIST_KEY_UILaunchScreen_Generation = YES;
				INFOPLIST_KEY_UISupportedInterfaceOrientations_iPad = "UIInterfaceOrientationPortrait UIInterfaceOrientationPortraitUpsideDown UIInterfaceOrientationLandscapeLeft UIInterfaceOrientationLandscapeRight";
				INFOPLIST_KEY_UISupportedInterfaceOrientations_iPhone = "UIInterfaceOrientationPortrait UIInterfaceOrientationLandscapeLeft UIInterfaceOrientationLandscapeRight";
				LD_RUNPATH_SEARCH_PATHS = (
					"$(inherited)",
					"@executable_path/Frameworks",
				);
				MARKETING_VERSION = 1.0;
				PRODUCT_BUNDLE_IDENTIFIER = com.sunwize.sunwize;
				PRODUCT_NAME = "$(TARGET_NAME)";
				SWIFT_EMIT_LOC_STRINGS = YES;
				SWIFT_VERSION = 5.0;
				TARGETED_DEVICE_FAMILY = "1,2";
			};
			name = Debug;
		};
		128A51A42EBEF3C500A6DFC6 /* Release */ = {
			isa = XCBuildConfiguration;
			buildSettings = {
				ASSETCATALOG_COMPILER_APPICON_NAME = AppIcon;
				ASSETCATALOG_COMPILER_GLOBAL_ACCENT_COLOR_NAME = AccentColor;
				CODE_SIGN_ENTITLEMENTS = sunwize/sunwize.entitlements;
				CODE_SIGN_STYLE = Automatic;
				CURRENT_PROJECT_VERSION = 1;
				DEVELOPMENT_TEAM = PG3M949T5R;
				ENABLE_PREVIEWS = YES;
				GENERATE_INFOPLIST_FILE = YES;
				INFOPLIST_FILE = sunwize/Info.plist;
				INFOPLIST_KEY_NSLocationAlwaysAndWhenInUseUsageDescription = "";
				INFOPLIST_KEY_NSLocationWhenInUseUsageDescription = "";
				INFOPLIST_KEY_UIApplicationSceneManifest_Generation = YES;
				INFOPLIST_KEY_UIApplicationSupportsIndirectInputEvents = YES;
				INFOPLIST_KEY_UILaunchScreen_Generation = YES;
				INFOPLIST_KEY_UISupportedInterfaceOrientations_iPad = "UIInterfaceOrientationPortrait UIInterfaceOrientationPortraitUpsideDown UIInterfaceOrientationLandscapeLeft UIInterfaceOrientationLandscapeRight";
				INFOPLIST_KEY_UISupportedInterfaceOrientations_iPhone = "UIInterfaceOrientationPortrait UIInterfaceOrientationLandscapeLeft UIInterfaceOrientationLandscapeRight";
				LD_RUNPATH_SEARCH_PATHS = (
					"$(inherited)",
					"@executable_path/Frameworks",
				);
				MARKETING_VERSION = 1.0;
				PRODUCT_BUNDLE_IDENTIFIER = com.sunwize.sunwize;
				PRODUCT_NAME = "$(TARGET_NAME)";
				SWIFT_EMIT_LOC_STRINGS = YES;
				SWIFT_VERSION = 5.0;
				TARGETED_DEVICE_FAMILY = "1,2";
			};
			name = Release;
		};
		128A51A62EBEF3C500A6DFC6 /* Debug */ = {
			isa = XCBuildConfiguration;
			buildSettings = {
				BUNDLE_LOADER = "$(TEST_HOST)";
				CODE_SIGN_STYLE = Automatic;
				CURRENT_PROJECT_VERSION = 1;
				DEVELOPMENT_TEAM = PG3M949T5R;
				GENERATE_INFOPLIST_FILE = YES;
				IPHONEOS_DEPLOYMENT_TARGET = 18.5;
				MARKETING_VERSION = 1.0;
				PRODUCT_BUNDLE_IDENTIFIER = com.sunwize.sunwizeTests;
				PRODUCT_NAME = "$(TARGET_NAME)";
				SWIFT_EMIT_LOC_STRINGS = NO;
				SWIFT_VERSION = 5.0;
				TARGETED_DEVICE_FAMILY = "1,2";
				TEST_HOST = "$(BUILT_PRODUCTS_DIR)/sunwize.app/$(BUNDLE_EXECUTABLE_FOLDER_PATH)/sunwize";
			};
			name = Debug;
		};
		128A51A72EBEF3C500A6DFC6 /* Release */ = {
			isa = XCBuildConfiguration;
			buildSettings = {
				BUNDLE_LOADER = "$(TEST_HOST)";
				CODE_SIGN_STYLE = Automatic;
				CURRENT_PROJECT_VERSION = 1;
				DEVELOPMENT_TEAM = PG3M949T5R;
				GENERATE_INFOPLIST_FILE = YES;
				IPHONEOS_DEPLOYMENT_TARGET = 18.5;
				MARKETING_VERSION = 1.0;
				PRODUCT_BUNDLE_IDENTIFIER = com.sunwize.sunwizeTests;
				PRODUCT_NAME = "$(TARGET_NAME)";
				SWIFT_EMIT_LOC_STRINGS = NO;
				SWIFT_VERSION = 5.0;
				TARGETED_DEVICE_FAMILY = "1,2";
				TEST_HOST = "$(BUILT_PRODUCTS_DIR)/sunwize.app/$(BUNDLE_EXECUTABLE_FOLDER_PATH)/sunwize";
			};
			name = Release;
		};
		128A51A92EBEF3C500A6DFC6 /* Debug */ = {
			isa = XCBuildConfiguration;
			buildSettings = {
				CODE_SIGN_STYLE = Automatic;
				CURRENT_PROJECT_VERSION = 1;
				DEVELOPMENT_TEAM = PG3M949T5R;
				GENERATE_INFOPLIST_FILE = YES;
				MARKETING_VERSION = 1.0;
				PRODUCT_BUNDLE_IDENTIFIER = com.sunwize.sunwizeUITests;
				PRODUCT_NAME = "$(TARGET_NAME)";
				SWIFT_EMIT_LOC_STRINGS = NO;
				SWIFT_VERSION = 5.0;
				TARGETED_DEVICE_FAMILY = "1,2";
				TEST_TARGET_NAME = sunwize;
			};
			name = Debug;
		};
		128A51AA2EBEF3C500A6DFC6 /* Release */ = {
			isa = XCBuildConfiguration;
			buildSettings = {
				CODE_SIGN_STYLE = Automatic;
				CURRENT_PROJECT_VERSION = 1;
				DEVELOPMENT_TEAM = PG3M949T5R;
				GENERATE_INFOPLIST_FILE = YES;
				MARKETING_VERSION = 1.0;
				PRODUCT_BUNDLE_IDENTIFIER = com.sunwize.sunwizeUITests;
				PRODUCT_NAME = "$(TARGET_NAME)";
				SWIFT_EMIT_LOC_STRINGS = NO;
				SWIFT_VERSION = 5.0;
				TARGETED_DEVICE_FAMILY = "1,2";
				TEST_TARGET_NAME = sunwize;
			};
			name = Release;
		};
/* End XCBuildConfiguration section */

/* Begin XCConfigurationList section */
		128A51772EBEF3C400A6DFC6 /* Build configuration list for PBXProject "sunwize" */ = {
			isa = XCConfigurationList;
			buildConfigurations = (
				128A51A02EBEF3C500A6DFC6 /* Debug */,
				128A51A12EBEF3C500A6DFC6 /* Release */,
			);
			defaultConfigurationIsVisible = 0;
			defaultConfigurationName = Release;
		};
		128A51A22EBEF3C500A6DFC6 /* Build configuration list for PBXNativeTarget "sunwize" */ = {
			isa = XCConfigurationList;
			buildConfigurations = (
				128A51A32EBEF3C500A6DFC6 /* Debug */,
				128A51A42EBEF3C500A6DFC6 /* Release */,
			);
			defaultConfigurationIsVisible = 0;
			defaultConfigurationName = Release;
		};
		128A51A52EBEF3C500A6DFC6 /* Build configuration list for PBXNativeTarget "sunwizeTests" */ = {
			isa = XCConfigurationList;
			buildConfigurations = (
				128A51A62EBEF3C500A6DFC6 /* Debug */,
				128A51A72EBEF3C500A6DFC6 /* Release */,
			);
			defaultConfigurationIsVisible = 0;
			defaultConfigurationName = Release;
		};
		128A51A82EBEF3C500A6DFC6 /* Build configuration list for PBXNativeTarget "sunwizeUITests" */ = {
			isa = XCConfigurationList;
			buildConfigurations = (
				128A51A92EBEF3C500A6DFC6 /* Debug */,
				128A51AA2EBEF3C500A6DFC6 /* Release */,
			);
			defaultConfigurationIsVisible = 0;
			defaultConfigurationName = Release;
		};
/* End XCConfigurationList section */

/* Begin XCRemoteSwiftPackageReference section */
		128A52102EBF0A6600A6DFC6 /* XCRemoteSwiftPackageReference "supabase-swift" */ = {
			isa = XCRemoteSwiftPackageReference;
			repositoryURL = "https://github.com/supabase/supabase-swift.git";
			requirement = {
				kind = upToNextMajorVersion;
				minimumVersion = 2.5.1;
			};
		};
/* End XCRemoteSwiftPackageReference section */

/* Begin XCSwiftPackageProductDependency section */
		128A52112EBF0A6600A6DFC6 /* Auth */ = {
			isa = XCSwiftPackageProductDependency;
			package = 128A52102EBF0A6600A6DFC6 /* XCRemoteSwiftPackageReference "supabase-swift" */;
			productName = Auth;
		};
		128A52132EBF0A6600A6DFC6 /* Functions */ = {
			isa = XCSwiftPackageProductDependency;
			package = 128A52102EBF0A6600A6DFC6 /* XCRemoteSwiftPackageReference "supabase-swift" */;
			productName = Functions;
		};
		128A52152EBF0A6600A6DFC6 /* PostgREST */ = {
			isa = XCSwiftPackageProductDependency;
			package = 128A52102EBF0A6600A6DFC6 /* XCRemoteSwiftPackageReference "supabase-swift" */;
			productName = PostgREST;
		};
		128A52172EBF0A6600A6DFC6 /* Realtime */ = {
			isa = XCSwiftPackageProductDependency;
			package = 128A52102EBF0A6600A6DFC6 /* XCRemoteSwiftPackageReference "supabase-swift" */;
			productName = Realtime;
		};
		128A52192EBF0A6600A6DFC6 /* Storage */ = {
			isa = XCSwiftPackageProductDependency;
			package = 128A52102EBF0A6600A6DFC6 /* XCRemoteSwiftPackageReference "supabase-swift" */;
			productName = Storage;
		};
		128A521B2EBF0A6600A6DFC6 /* Supabase */ = {
			isa = XCSwiftPackageProductDependency;
			package = 128A52102EBF0A6600A6DFC6 /* XCRemoteSwiftPackageReference "supabase-swift" */;
			productName = Supabase;
		};
/* End XCSwiftPackageProductDependency section */
	};
	rootObject = 128A51742EBEF3C400A6DFC6 /* Project object */;
}
